
Microsoft Visual Studio Solution File, Format Version 12.00
# Visual Studio 14
VisualStudioVersion = 14.0.22310.1
MinimumVisualStudioVersion = 10.0.40219.1
Project("{FAE04EC0-301F-11D3-BF4B-00C04F79EFBC}") = "TestApp", "TestApp\TestApp.csproj", "{436B45F4-A007-4611-8244-C6891208EC78}"
EndProject
Project("{FAE04EC0-301F-11D3-BF4B-00C04F79EFBC}") = "BackgroundAgent", "BackgroundAgent\BackgroundAgent.csproj", "{12015FD3-D6C3-4979-BBC9-B42BC0E11430}"
EndProject
Global
	GlobalSection(SolutionConfigurationPlatforms) = preSolution
		Debug|Any CPU = Debug|Any CPU
		Debug|ARM = Debug|ARM
		Debug|x86 = Debug|x86
		Release|Any CPU = Release|Any CPU
		Release|ARM = Release|ARM
		Release|x86 = Release|x86
	EndGlobalSection
	GlobalSection(ProjectConfigurationPlatforms) = postSolution
		{436B45F4-A007-4611-8244-C6891208EC78}.Debug|Any CPU.ActiveCfg = Debug|Any CPU
		{436B45F4-A007-4611-8244-C6891208EC78}.Debug|Any CPU.Build.0 = Debug|Any CPU
		{436B45F4-A007-4611-8244-C6891208EC78}.Debug|Any CPU.Deploy.0 = Debug|Any CPU
		{436B45F4-A007-4611-8244-C6891208EC78}.Debug|ARM.ActiveCfg = Debug|ARM
		{436B45F4-A007-4611-8244-C6891208EC78}.Debug|ARM.Build.0 = Debug|ARM
		{436B45F4-A007-4611-8244-C6891208EC78}.Debug|ARM.Deploy.0 = Debug|ARM
		{436B45F4-A007-4611-8244-C6891208EC78}.Debug|x86.ActiveCfg = Debug|x86
		{436B45F4-A007-4611-8244-C6891208EC78}.Debug|x86.Build.0 = Debug|x86
		{436B45F4-A007-4611-8244-C6891208EC78}.Debug|x86.Deploy.0 = Debug|x86
		{436B45F4-A007-4611-8244-C6891208EC78}.Release|Any CPU.ActiveCfg = Release|Any CPU
		{436B45F4-A007-4611-8244-C6891208EC78}.Release|Any CPU.Build.0 = Release|Any CPU
		{436B45F4-A007-4611-8244-C6891208EC78}.Release|Any CPU.Deploy.0 = Release|Any CPU
		{436B45F4-A007-4611-8244-C6891208EC78}.Release|ARM.ActiveCfg = Release|ARM
		{436B45F4-A007-4611-8244-C6891208EC78}.Release|ARM.Build.0 = Release|ARM
		{436B45F4-A007-4611-8244-C6891208EC78}.Release|ARM.Deploy.0 = Release|ARM
		{436B45F4-A007-4611-8244-C6891208EC78}.Release|x86.ActiveCfg = Release|x86
		{436B45F4-A007-4611-8244-C6891208EC78}.Release|x86.Build.0 = Release|x86
		{436B45F4-A007-4611-8244-C6891208EC78}.Release|x86.Deploy.0 = Release|x86
		{12015FD3-D6C3-4979-BBC9-B42BC0E11430}.Debug|Any CPU.ActiveCfg = Debug|Any CPU
		{12015FD3-D6C3-4979-BBC9-B42BC0E11430}.Debug|Any CPU.Build.0 = Debug|Any CPU
		{12015FD3-D6C3-4979-BBC9-B42BC0E11430}.Debug|ARM.ActiveCfg = Debug|ARM
		{12015FD3-D6C3-4979-BBC9-B42BC0E11430}.Debug|ARM.Build.0 = Debug|ARM
		{12015FD3-D6C3-4979-BBC9-B42BC0E11430}.Debug|x86.ActiveCfg = Debug|x86
		{12015FD3-D6C3-4979-BBC9-B42BC0E11430}.Debug|x86.Build.0 = Debug|x86
		{12015FD3-D6C3-4979-BBC9-B42BC0E11430}.Release|Any CPU.ActiveCfg = Release|Any CPU
		{12015FD3-D6C3-4979-BBC9-B42BC0E11430}.Release|Any CPU.Build.0 = Release|Any CPU
		{12015FD3-D6C3-4979-BBC9-B42BC0E11430}.Release|ARM.ActiveCfg = Release|ARM
		{12015FD3-D6C3-4979-BBC9-B42BC0E11430}.Release|ARM.Build.0 = Release|ARM
		{12015FD3-D6C3-4979-BBC9-B42BC0E11430}.Release|x86.ActiveCfg = Release|x86
		{12015FD3-D6C3-4979-BBC9-B42BC0E11430}.Release|x86.Build.0 = Release|x86
	EndGlobalSection
	GlobalSection(SolutionProperties) = preSolution
		HideSolutionNode = FALSE
	EndGlobalSection
EndGlobal
